
Microsoft Visual Studio Solution File, Format Version 12.00
# Visual Studio Version 17
VisualStudioVersion = 17.6.33829.357
MinimumVisualStudioVersion = 10.0.40219.1
Project("{FAE04EC0-301F-11D3-BF4B-00C04F79EFBC}") = "DrMediScanV6", "DrMediScanV6\DrMediScanV6.csproj", "{47E61C44-B2F5-4F44-B818-9196671E0569}"
EndProject
Global
	GlobalSection(SolutionConfigurationPlatforms) = preSolution
		Debug|Any CPU = Debug|Any CPU
		Release|Any CPU = Release|Any CPU
	EndGlobalSection
	GlobalSection(ProjectConfigurationPlatforms) = postSolution
		{47E61C44-B2F5-4F44-B818-9196671E0569}.Debug|Any CPU.ActiveCfg = Debug|Any CPU
		{47E61C44-B2F5-4F44-B818-9196671E0569}.Debug|Any CPU.Build.0 = Debug|Any CPU
		{47E61C44-B2F5-4F44-B818-9196671E0569}.Release|Any CPU.ActiveCfg = Release|Any CPU
		{47E61C44-B2F5-4F44-B818-9196671E0569}.Release|Any CPU.Build.0 = Release|Any CPU
	EndGlobalSection
	GlobalSection(SolutionProperties) = preSolution
		HideSolutionNode = FALSE
	EndGlobalSection
	GlobalSection(ExtensibilityGlobals) = postSolution
		SolutionGuid = {94CEAFE7-2623-457F-8760-25476CB5A919}
	EndGlobalSection
EndGlobal
